{
  "name": "RazorCap SRC",
  "lockfileVersion": 3,
  "requires": true,
  "packages": {
    "": {
      "dependencies": {
        "groq": "^3.86.1"
      }
    },
    "node_modules/groq": {
      "version": "3.86.1",
      "resolved": "https://registry.npmjs.org/groq/-/groq-3.86.1.tgz",
      "integrity": "sha512-87KF+20HZuoQD/E8GQk/DMM+edobO++/KHz7/5U4CK4lQ7x6BVgyBWcpLZwPNcHSn8ZBHVO3mZu7+zNV1iX0VA==",
      "engines": {
        "node": ">=18"
      }
    }
  }
}
